
Microsoft Visual Studio Solution File, Format Version 12.00
# Visual Studio 2013
VisualStudioVersion = 12.0.31101.0
MinimumVisualStudioVersion = 10.0.40219.1
Project("{FAE04EC0-301F-11D3-BF4B-00C04F79EFBC}") = "Iso.Validators", "ISO.Validators\Iso.Validators.csproj", "{3D23D152-C3CF-424E-AF42-B241879C789E}"
EndProject
Project("{FAE04EC0-301F-11D3-BF4B-00C04F79EFBC}") = "UnitTests", "UnitTests\UnitTests.csproj", "{94EC7FC8-A1EB-49F3-913B-288368E72651}"
EndProject
Global
	GlobalSection(SolutionConfigurationPlatforms) = preSolution
		Debug|Any CPU = Debug|Any CPU
		Release|Any CPU = Release|Any CPU
	EndGlobalSection
	GlobalSection(ProjectConfigurationPlatforms) = postSolution
		{3D23D152-C3CF-424E-AF42-B241879C789E}.Debug|Any CPU.ActiveCfg = Debug|Any CPU
		{3D23D152-C3CF-424E-AF42-B241879C789E}.Debug|Any CPU.Build.0 = Debug|Any CPU
		{3D23D152-C3CF-424E-AF42-B241879C789E}.Release|Any CPU.ActiveCfg = Release|Any CPU
		{3D23D152-C3CF-424E-AF42-B241879C789E}.Release|Any CPU.Build.0 = Release|Any CPU
		{94EC7FC8-A1EB-49F3-913B-288368E72651}.Debug|Any CPU.ActiveCfg = Debug|Any CPU
		{94EC7FC8-A1EB-49F3-913B-288368E72651}.Debug|Any CPU.Build.0 = Debug|Any CPU
		{94EC7FC8-A1EB-49F3-913B-288368E72651}.Release|Any CPU.ActiveCfg = Release|Any CPU
		{94EC7FC8-A1EB-49F3-913B-288368E72651}.Release|Any CPU.Build.0 = Release|Any CPU
	EndGlobalSection
	GlobalSection(SolutionProperties) = preSolution
		HideSolutionNode = FALSE
	EndGlobalSection
EndGlobal
